
Microsoft Visual Studio Solution File, Format Version 12.00
# Visual Studio Version 17
VisualStudioVersion = 17.0.31903.59
MinimumVisualStudioVersion = 10.0.40219.1
Project("{FAE04EC0-301F-11D3-BF4B-00C04F79EFBC}") = "Api", "Api\Api.csproj", "{F129759F-1C8D-482F-9FC2-B86DB1AE579E}"
EndProject
Project("{FAE04EC0-301F-11D3-BF4B-00C04F79EFBC}") = "Core", "Core\Core.csproj", "{1466CF15-1086-43EA-AEEF-3219562B0B52}"
EndProject
Global
	GlobalSection(SolutionConfigurationPlatforms) = preSolution
		Debug|Any CPU = Debug|Any CPU
		Release|Any CPU = Release|Any CPU
	EndGlobalSection
	GlobalSection(ProjectConfigurationPlatforms) = postSolution
		{F129759F-1C8D-482F-9FC2-B86DB1AE579E}.Debug|Any CPU.ActiveCfg = Debug|Any CPU
		{F129759F-1C8D-482F-9FC2-B86DB1AE579E}.Debug|Any CPU.Build.0 = Debug|Any CPU
		{F129759F-1C8D-482F-9FC2-B86DB1AE579E}.Release|Any CPU.ActiveCfg = Release|Any CPU
		{F129759F-1C8D-482F-9FC2-B86DB1AE579E}.Release|Any CPU.Build.0 = Release|Any CPU
		{1466CF15-1086-43EA-AEEF-3219562B0B52}.Debug|Any CPU.ActiveCfg = Debug|Any CPU
		{1466CF15-1086-43EA-AEEF-3219562B0B52}.Debug|Any CPU.Build.0 = Debug|Any CPU
		{1466CF15-1086-43EA-AEEF-3219562B0B52}.Release|Any CPU.ActiveCfg = Release|Any CPU
		{1466CF15-1086-43EA-AEEF-3219562B0B52}.Release|Any CPU.Build.0 = Release|Any CPU
	EndGlobalSection
	GlobalSection(SolutionProperties) = preSolution
		HideSolutionNode = FALSE
	EndGlobalSection
	GlobalSection(ExtensibilityGlobals) = postSolution
		SolutionGuid = {DED07948-78C2-42AA-85F5-5DB49265DC2F}
	EndGlobalSection
EndGlobal
